
Microsoft Visual Studio Solution File, Format Version 12.00
# Visual Studio Version 16
VisualStudioVersion = 16.0.31613.86
MinimumVisualStudioVersion = 10.0.40219.1
Project("{FAE04EC0-301F-11D3-BF4B-00C04F79EFBC}") = "Abc", "Abc\Abc.csproj", "{15C9CAEC-3F15-48A0-805F-B67C13CE60A7}"
EndProject
Global
	GlobalSection(SolutionConfigurationPlatforms) = preSolution
		Debug|Any CPU = Debug|Any CPU
		Release|Any CPU = Release|Any CPU
	EndGlobalSection
	GlobalSection(ProjectConfigurationPlatforms) = postSolution
		{15C9CAEC-3F15-48A0-805F-B67C13CE60A7}.Debug|Any CPU.ActiveCfg = Debug|Any CPU
		{15C9CAEC-3F15-48A0-805F-B67C13CE60A7}.Debug|Any CPU.Build.0 = Debug|Any CPU
		{15C9CAEC-3F15-48A0-805F-B67C13CE60A7}.Release|Any CPU.ActiveCfg = Release|Any CPU
		{15C9CAEC-3F15-48A0-805F-B67C13CE60A7}.Release|Any CPU.Build.0 = Release|Any CPU
	EndGlobalSection
	GlobalSection(SolutionProperties) = preSolution
		HideSolutionNode = FALSE
	EndGlobalSection
	GlobalSection(ExtensibilityGlobals) = postSolution
		SolutionGuid = {1C960C85-1BAB-49B6-84BE-A9A9BAE28EF7}
	EndGlobalSection
EndGlobal
